
Microsoft Visual Studio Solution File, Format Version 12.00
# Visual Studio 14
VisualStudioVersion = 14.0.23107.0
MinimumVisualStudioVersion = 10.0.40219.1
Project("{FAE04EC0-301F-11D3-BF4B-00C04F79EFBC}") = "Snacks", "Snacks\Snacks.csproj", "{13BC89BB-67AC-4858-BB45-EA13B5B845D3}"
EndProject
Project("{2150E333-8FDC-42A3-9474-1A3956D46DE8}") = "readme", "readme", "{0A5C3379-8225-4212-BD4E-F1A40FB3D9F5}"
EndProject
Project("{FAE04EC0-301F-11D3-BF4B-00C04F79EFBC}") = "SnacksDemo", "SnacksDemo\SnacksDemo.csproj", "{2BA14DA4-C807-4AFF-A1B2-A1B242F2F7E4}"
EndProject
Global
	GlobalSection(SolutionConfigurationPlatforms) = preSolution
		Debug|Any CPU = Debug|Any CPU
		Release|Any CPU = Release|Any CPU
	EndGlobalSection
	GlobalSection(ProjectConfigurationPlatforms) = postSolution
		{13BC89BB-67AC-4858-BB45-EA13B5B845D3}.Debug|Any CPU.ActiveCfg = Debug|Any CPU
		{13BC89BB-67AC-4858-BB45-EA13B5B845D3}.Debug|Any CPU.Build.0 = Debug|Any CPU
		{13BC89BB-67AC-4858-BB45-EA13B5B845D3}.Release|Any CPU.ActiveCfg = Release|Any CPU
		{13BC89BB-67AC-4858-BB45-EA13B5B845D3}.Release|Any CPU.Build.0 = Release|Any CPU
		{2BA14DA4-C807-4AFF-A1B2-A1B242F2F7E4}.Debug|Any CPU.ActiveCfg = Debug|Any CPU
		{2BA14DA4-C807-4AFF-A1B2-A1B242F2F7E4}.Debug|Any CPU.Build.0 = Debug|Any CPU
		{2BA14DA4-C807-4AFF-A1B2-A1B242F2F7E4}.Release|Any CPU.ActiveCfg = Release|Any CPU
		{2BA14DA4-C807-4AFF-A1B2-A1B242F2F7E4}.Release|Any CPU.Build.0 = Release|Any CPU
	EndGlobalSection
	GlobalSection(SolutionProperties) = preSolution
		HideSolutionNode = FALSE
	EndGlobalSection
EndGlobal
